
Microsoft Visual Studio Solution File, Format Version 12.00
# Visual Studio Version 17
VisualStudioVersion = 17.14.36414.22 d17.14
MinimumVisualStudioVersion = 10.0.40219.1
Project("{FAE04EC0-301F-11D3-BF4B-00C04F79EFBC}") = "MauiAppTempo2", "MauiAppTempo2\MauiAppTempo2.csproj", "{83B7F630-E045-4FAB-BABD-726956FE2E71}"
EndProject
Global
	GlobalSection(SolutionConfigurationPlatforms) = preSolution
		Debug|Any CPU = Debug|Any CPU
		Release|Any CPU = Release|Any CPU
	EndGlobalSection
	GlobalSection(ProjectConfigurationPlatforms) = postSolution
		{83B7F630-E045-4FAB-BABD-726956FE2E71}.Debug|Any CPU.ActiveCfg = Debug|Any CPU
		{83B7F630-E045-4FAB-BABD-726956FE2E71}.Debug|Any CPU.Build.0 = Debug|Any CPU
		{83B7F630-E045-4FAB-BABD-726956FE2E71}.Debug|Any CPU.Deploy.0 = Debug|Any CPU
		{83B7F630-E045-4FAB-BABD-726956FE2E71}.Release|Any CPU.ActiveCfg = Release|Any CPU
		{83B7F630-E045-4FAB-BABD-726956FE2E71}.Release|Any CPU.Build.0 = Release|Any CPU
		{83B7F630-E045-4FAB-BABD-726956FE2E71}.Release|Any CPU.Deploy.0 = Release|Any CPU
	EndGlobalSection
	GlobalSection(SolutionProperties) = preSolution
		HideSolutionNode = FALSE
	EndGlobalSection
	GlobalSection(ExtensibilityGlobals) = postSolution
		SolutionGuid = {57687D24-63A6-4201-A35A-7C39DC7CF25E}
	EndGlobalSection
EndGlobal
